{
  "version": 4,
  "terraform_version": "1.2.7",
  "serial": 34,
  "lineage": "6bc28634-fdfc-3e78-cec6-7e76bd7f2c2d",
  "outputs": {},
  "resources": [
    {
      "mode": "managed",
      "type": "aws_instance",
      "name": "example1",
      "provider": "provider[\"registry.terraform.io/hashicorp/aws\"]",
      "instances": [
        {
          "schema_version": 1,
          "attributes": {
            "ami": "ami-0e34bbddc66def5ac",
            "arn": "arn:aws:ec2:eu-west-2:667912133116:instance/i-0d49c0523397d6c7b",
            "associate_public_ip_address": true,
            "availability_zone": "eu-west-2c",
            "capacity_reservation_specification": [
              {
                "capacity_reservation_preference": "open",
                "capacity_reservation_target": []
              }
            ],
            "cpu_core_count": 1,
            "cpu_threads_per_core": 1,
            "credit_specification": [
              {
                "cpu_credits": "standard"
              }
            ],
            "disable_api_stop": false,
            "disable_api_termination": false,
            "ebs_block_device": [],
            "ebs_optimized": false,
            "enclave_options": [
              {
                "enabled": false
              }
            ],
            "ephemeral_block_device": [],
            "get_password_data": false,
            "hibernation": false,
            "host_id": null,
            "iam_instance_profile": "",
            "id": "i-0d49c0523397d6c7b",
            "instance_initiated_shutdown_behavior": "stop",
            "instance_state": "running",
            "instance_type": "t2.micro",
            "ipv6_address_count": 0,
            "ipv6_addresses": [],
            "key_name": "eddie1",
            "launch_template": [],
            "maintenance_options": [
              {
                "auto_recovery": "default"
              }
            ],
            "metadata_options": [
              {
                "http_endpoint": "enabled",
                "http_put_response_hop_limit": 1,
                "http_tokens": "optional",
                "instance_metadata_tags": "disabled"
              }
            ],
            "monitoring": false,
            "network_interface": [],
            "outpost_arn": "",
            "password_data": "",
            "placement_group": "",
            "placement_partition_number": null,
            "primary_network_interface_id": "eni-05849e585294bb8c6",
            "private_dns": "ip-172-31-1-39.eu-west-2.compute.internal",
            "private_dns_name_options": [
              {
                "enable_resource_name_dns_a_record": false,
                "enable_resource_name_dns_aaaa_record": false,
                "hostname_type": "ip-name"
              }
            ],
            "private_ip": "172.31.1.39",
            "public_dns": "ec2-52-56-232-39.eu-west-2.compute.amazonaws.com",
            "public_ip": "52.56.232.39",
            "root_block_device": [
              {
                "delete_on_termination": true,
                "device_name": "/dev/xvda",
                "encrypted": false,
                "iops": 100,
                "kms_key_id": "",
                "tags": {},
                "throughput": 0,
                "volume_id": "vol-0799d55687db7acee",
                "volume_size": 8,
                "volume_type": "gp2"
              }
            ],
            "secondary_private_ips": [],
            "security_groups": [
              "default"
            ],
            "source_dest_check": true,
            "subnet_id": "subnet-615e5b08",
            "tags": null,
            "tags_all": {},
            "tenancy": "default",
            "timeouts": null,
            "user_data": null,
            "user_data_base64": null,
            "user_data_replace_on_change": false,
            "volume_tags": null,
            "vpc_security_group_ids": [
              "sg-8e2063f0"
            ]
          },
          "sensitive_attributes": [],
          "private": "eyJlMmJmYjczMC1lY2FhLTExZTYtOGY4OC0zNDM2M2JjN2M0YzAiOnsiY3JlYXRlIjo2MDAwMDAwMDAwMDAsImRlbGV0ZSI6MTIwMDAwMDAwMDAwMCwidXBkYXRlIjo2MDAwMDAwMDAwMDB9LCJzY2hlbWFfdmVyc2lvbiI6IjEifQ==",
          "dependencies": [
            "aws_key_pair.eddie1"
          ]
        }
      ]
    },
    {
      "mode": "managed",
      "type": "aws_key_pair",
      "name": "eddie1",
      "provider": "provider[\"registry.terraform.io/hashicorp/aws\"]",
      "instances": [
        {
          "schema_version": 1,
          "attributes": {
            "arn": "arn:aws:ec2:eu-west-2:667912133116:key-pair/eddie1",
            "fingerprint": "4a:31:cc:55:5c:27:1a:22:43:5b:ea:85:33:98:48:14",
            "id": "eddie1",
            "key_name": "eddie1",
            "key_name_prefix": "",
            "key_pair_id": "key-00c8d657c89acfca2",
            "key_type": "rsa",
            "public_key": "ssh-rsa AAAAB3NzaC1yc2EAAAADAQABAAABgQDYvRFukIhbayAVAlbGsZFkvKJym+LMnz5DAkub9U1amzxD/gbx3ATAOV7NWLQ27BZFHnGrr2oKzFRGnvvJQxirqiOPoHtGHgLrYpRFonZHOrK5OlJdzfx0Hsx3H2Gyz9nn/WBI1ctc01jZHnpfWoJFTEIRAJsNkHsTmE3WJkdJTbKTDxqzVZjWEJl2QSGAC4VxC6Vuu/bAn5RGbOk3I7Ctf4alXHyp54LC/siyHWx3cXpYFfQBWhcvXeTbErS5smXpzLuhesX66wSryzOuWLvs3ro5/6vKKAXjsBN7ZjP7J+DiveiDBHPFCSi/9tft/KifTSMcy2s1Tn+lHaj6SFjiRMhBpJL0co0onmUeLcNfv7Xr5V6lQ3Y96gRgjLDkoTwBQVXszq5I81NO1O67ymRQZvh8ENY+dlPlF7dRj8DLac5Y2I23bKFY2X/GSFYPC3XvDeEw0Y40nwGJmOqr6ZXzSH5n0bhQmsOBCjfQX2+fHIdAN5SomI+nIAkJae4QegE= esilva@gammatelecom.com@esilva.vdi.intra.gammatelecom.com",
            "tags": {},
            "tags_all": {}
          },
          "sensitive_attributes": [],
          "private": "eyJzY2hlbWFfdmVyc2lvbiI6IjEifQ=="
        }
      ]
    }
  ]
}
