{
  "version": 4,
  "terraform_version": "1.2.7",
  "serial": 10,
  "lineage": "dbb30fba-326d-4fc9-f11a-5e7f75011fed",
  "outputs": {
    "ELB": {
      "value": "my-elb-839941560.eu-west-2.elb.amazonaws.com",
      "type": "string"
    }
  },
  "resources": [
    {
      "mode": "managed",
      "type": "aws_autoscaling_group",
      "name": "example-autoscaling",
      "provider": "provider[\"registry.terraform.io/hashicorp/aws\"]",
      "instances": [
        {
          "schema_version": 0,
          "attributes": {
            "arn": "arn:aws:autoscaling:eu-west-2:667912133116:autoScalingGroup:1b1cd31d-4958-4cdc-822b-1de86975c0fd:autoScalingGroupName/example-autoscaling",
            "availability_zones": [
              "eu-west-2c"
            ],
            "capacity_rebalance": false,
            "context": "",
            "default_cooldown": 300,
            "default_instance_warmup": 0,
            "desired_capacity": 2,
            "enabled_metrics": [],
            "force_delete": true,
            "force_delete_warm_pool": false,
            "health_check_grace_period": 300,
            "health_check_type": "ELB",
            "id": "example-autoscaling",
            "initial_lifecycle_hook": [],
            "instance_refresh": [],
            "launch_configuration": "example-launchconfig20220825150905023300000001",
            "launch_template": [],
            "load_balancers": [
              "my-elb"
            ],
            "max_instance_lifetime": 0,
            "max_size": 2,
            "metrics_granularity": "1Minute",
            "min_elb_capacity": null,
            "min_size": 2,
            "mixed_instances_policy": [],
            "name": "example-autoscaling",
            "name_prefix": "",
            "placement_group": "",
            "protect_from_scale_in": false,
            "service_linked_role_arn": "arn:aws:iam::667912133116:role/aws-service-role/autoscaling.amazonaws.com/AWSServiceRoleForAutoScaling",
            "suspended_processes": [],
            "tag": [
              {
                "key": "Name",
                "propagate_at_launch": true,
                "value": "ec2 instance"
              }
            ],
            "tags": null,
            "target_group_arns": [],
            "termination_policies": [],
            "timeouts": null,
            "vpc_zone_identifier": [],
            "wait_for_capacity_timeout": "10m",
            "wait_for_elb_capacity": null,
            "warm_pool": []
          },
          "sensitive_attributes": [],
          "private": "eyJlMmJmYjczMC1lY2FhLTExZTYtOGY4OC0zNDM2M2JjN2M0YzAiOnsiZGVsZXRlIjo2MDAwMDAwMDAwMDAsInVwZGF0ZSI6NjAwMDAwMDAwMDAwfX0=",
          "dependencies": [
            "aws_elb.my-elb",
            "aws_key_pair.eddie",
            "aws_launch_configuration.example-launchconfig",
            "aws_security_group.permit-ssh-https"
          ]
        }
      ]
    },
    {
      "mode": "managed",
      "type": "aws_elb",
      "name": "my-elb",
      "provider": "provider[\"registry.terraform.io/hashicorp/aws\"]",
      "instances": [
        {
          "schema_version": 0,
          "attributes": {
            "access_logs": [],
            "arn": "arn:aws:elasticloadbalancing:eu-west-2:667912133116:loadbalancer/my-elb",
            "availability_zones": [
              "eu-west-2c"
            ],
            "connection_draining": true,
            "connection_draining_timeout": 400,
            "cross_zone_load_balancing": true,
            "desync_mitigation_mode": "defensive",
            "dns_name": "my-elb-839941560.eu-west-2.elb.amazonaws.com",
            "health_check": [
              {
                "healthy_threshold": 2,
                "interval": 30,
                "target": "HTTP:80/",
                "timeout": 3,
                "unhealthy_threshold": 2
              }
            ],
            "id": "my-elb",
            "idle_timeout": 60,
            "instances": [
              "i-04683fa1d8db96ae8",
              "i-0ff45e2561b12dafd"
            ],
            "internal": false,
            "listener": [
              {
                "instance_port": 80,
                "instance_protocol": "http",
                "lb_port": 80,
                "lb_protocol": "http",
                "ssl_certificate_id": ""
              }
            ],
            "name": "my-elb",
            "name_prefix": null,
            "security_groups": [
              "sg-09085cdd1ad0d53ed"
            ],
            "source_security_group": "667912133116/permit-ssh-https",
            "source_security_group_id": "sg-09085cdd1ad0d53ed",
            "subnets": [
              "subnet-615e5b08"
            ],
            "tags": {
              "Name": "my-elb"
            },
            "tags_all": {
              "Name": "my-elb"
            },
            "zone_id": "ZHURV8PSTC4K8"
          },
          "sensitive_attributes": [],
          "private": "bnVsbA==",
          "dependencies": [
            "aws_security_group.permit-ssh-https"
          ]
        }
      ]
    },
    {
      "mode": "managed",
      "type": "aws_key_pair",
      "name": "eddie",
      "provider": "provider[\"registry.terraform.io/hashicorp/aws\"]",
      "instances": [
        {
          "schema_version": 1,
          "attributes": {
            "arn": "arn:aws:ec2:eu-west-2:667912133116:key-pair/eddie",
            "fingerprint": "4a:31:cc:55:5c:27:1a:22:43:5b:ea:85:33:98:48:14",
            "id": "eddie",
            "key_name": "eddie",
            "key_name_prefix": "",
            "key_pair_id": "key-0c3c9ed5934073b56",
            "key_type": "rsa",
            "public_key": "ssh-rsa AAAAB3NzaC1yc2EAAAADAQABAAABgQDYvRFukIhbayAVAlbGsZFkvKJym+LMnz5DAkub9U1amzxD/gbx3ATAOV7NWLQ27BZFHnGrr2oKzFRGnvvJQxirqiOPoHtGHgLrYpRFonZHOrK5OlJdzfx0Hsx3H2Gyz9nn/WBI1ctc01jZHnpfWoJFTEIRAJsNkHsTmE3WJkdJTbKTDxqzVZjWEJl2QSGAC4VxC6Vuu/bAn5RGbOk3I7Ctf4alXHyp54LC/siyHWx3cXpYFfQBWhcvXeTbErS5smXpzLuhesX66wSryzOuWLvs3ro5/6vKKAXjsBN7ZjP7J+DiveiDBHPFCSi/9tft/KifTSMcy2s1Tn+lHaj6SFjiRMhBpJL0co0onmUeLcNfv7Xr5V6lQ3Y96gRgjLDkoTwBQVXszq5I81NO1O67ymRQZvh8ENY+dlPlF7dRj8DLac5Y2I23bKFY2X/GSFYPC3XvDeEw0Y40nwGJmOqr6ZXzSH5n0bhQmsOBCjfQX2+fHIdAN5SomI+nIAkJae4QegE= esilva@gammatelecom.com@esilva.vdi.intra.gammatelecom.com",
            "tags": {},
            "tags_all": {}
          },
          "sensitive_attributes": [],
          "private": "eyJzY2hlbWFfdmVyc2lvbiI6IjEifQ==",
          "create_before_destroy": true
        }
      ]
    },
    {
      "mode": "managed",
      "type": "aws_launch_configuration",
      "name": "example-launchconfig",
      "provider": "provider[\"registry.terraform.io/hashicorp/aws\"]",
      "instances": [
        {
          "schema_version": 0,
          "attributes": {
            "arn": "arn:aws:autoscaling:eu-west-2:667912133116:launchConfiguration:411a4da1-c332-4489-a4b2-2ca3fb70d1a5:launchConfigurationName/example-launchconfig20220825150905023300000001",
            "associate_public_ip_address": false,
            "ebs_block_device": [],
            "ebs_optimized": false,
            "enable_monitoring": true,
            "ephemeral_block_device": [],
            "iam_instance_profile": "",
            "id": "example-launchconfig20220825150905023300000001",
            "image_id": "ami-0e34bbddc66def5ac",
            "instance_type": "t2.micro",
            "key_name": "eddie",
            "metadata_options": [],
            "name": "example-launchconfig20220825150905023300000001",
            "name_prefix": "example-launchconfig",
            "placement_tenancy": "",
            "root_block_device": [],
            "security_groups": [
              "sg-09085cdd1ad0d53ed"
            ],
            "spot_price": "",
            "user_data": "2abede682e1a0738360452810dcae2248e9178a6",
            "user_data_base64": null,
            "vpc_classic_link_id": "",
            "vpc_classic_link_security_groups": null
          },
          "sensitive_attributes": [],
          "private": "bnVsbA==",
          "dependencies": [
            "aws_key_pair.eddie",
            "aws_security_group.permit-ssh-https"
          ],
          "create_before_destroy": true
        }
      ]
    },
    {
      "mode": "managed",
      "type": "aws_security_group",
      "name": "permit-ssh-https",
      "provider": "provider[\"registry.terraform.io/hashicorp/aws\"]",
      "instances": [
        {
          "schema_version": 1,
          "attributes": {
            "arn": "arn:aws:ec2:eu-west-2:667912133116:security-group/sg-09085cdd1ad0d53ed",
            "description": "Allow HTTP and SSH traffic via Terraform",
            "egress": [
              {
                "cidr_blocks": [
                  "0.0.0.0/0"
                ],
                "description": "",
                "from_port": 0,
                "ipv6_cidr_blocks": [],
                "prefix_list_ids": [],
                "protocol": "-1",
                "security_groups": [],
                "self": false,
                "to_port": 0
              }
            ],
            "id": "sg-09085cdd1ad0d53ed",
            "ingress": [
              {
                "cidr_blocks": [
                  "0.0.0.0/0"
                ],
                "description": "",
                "from_port": 22,
                "ipv6_cidr_blocks": [],
                "prefix_list_ids": [],
                "protocol": "tcp",
                "security_groups": [],
                "self": false,
                "to_port": 22
              },
              {
                "cidr_blocks": [
                  "0.0.0.0/0"
                ],
                "description": "",
                "from_port": 3306,
                "ipv6_cidr_blocks": [],
                "prefix_list_ids": [],
                "protocol": "tcp",
                "security_groups": [],
                "self": false,
                "to_port": 3306
              },
              {
                "cidr_blocks": [
                  "0.0.0.0/0"
                ],
                "description": "",
                "from_port": 80,
                "ipv6_cidr_blocks": [],
                "prefix_list_ids": [],
                "protocol": "tcp",
                "security_groups": [],
                "self": false,
                "to_port": 80
              }
            ],
            "name": "permit-ssh-https",
            "name_prefix": "",
            "owner_id": "667912133116",
            "revoke_rules_on_delete": false,
            "tags": {},
            "tags_all": {},
            "timeouts": null,
            "vpc_id": "vpc-b39cacdb"
          },
          "sensitive_attributes": [],
          "private": "eyJlMmJmYjczMC1lY2FhLTExZTYtOGY4OC0zNDM2M2JjN2M0YzAiOnsiY3JlYXRlIjo2MDAwMDAwMDAwMDAsImRlbGV0ZSI6OTAwMDAwMDAwMDAwfSwic2NoZW1hX3ZlcnNpb24iOiIxIn0=",
          "create_before_destroy": true
        }
      ]
    }
  ]
}
