{
  "version": 4,
  "terraform_version": "1.2.8",
  "serial": 138,
  "lineage": "3e7ea516-e950-cf32-aefb-2f76239cf896",
  "outputs": {},
  "resources": [
    {
      "mode": "data",
      "type": "cloudinit_config",
      "name": "cloudinit-jenkins",
      "provider": "provider[\"registry.terraform.io/hashicorp/cloudinit\"]",
      "instances": [
        {
          "schema_version": 0,
          "attributes": {
            "base64_encode": false,
            "boundary": "MIMEBOUNDARY",
            "gzip": false,
            "id": "369533235",
            "part": [
              {
                "content": "#!/bin/bash\n\n# volume setup\nvgchange -ay\n\nDEVICE_FS=`blkid -o value -s TYPE /dev/xvdh`\nif [ \"`echo -n $DEVICE_FS`\" == \"\" ] ; then \n  # wait for the device to be attached\n  DEVICENAME=`echo \"/dev/xvdh\" | awk -F '/' '{print $3}'`\n  DEVICEEXISTS=''\n  while [[ -z $DEVICEEXISTS ]]; do\n    echo \"checking $DEVICENAME\"\n    DEVICEEXISTS=`lsblk |grep \"$DEVICENAME\" |wc -l`\n    if [[ $DEVICEEXISTS != \"1\" ]]; then\n      sleep 15\n    fi\n  done\n  pvcreate /dev/xvdh\n  vgcreate data /dev/xvdh\n  lvcreate --name volume1 -l 100%FREE data\n  mkfs.ext4 /dev/data/volume1\nfi\nmkdir -p /var/lib/jenkins\necho '/dev/data/volume1 /var/lib/jenkins ext4 defaults 0 0' \u003e\u003e /etc/fstab\nmount /var/lib/jenkins\n\n# install default-jre (needed for ubuntu 18.04)\n#apt-get update\nsudo amazon-linux-extras install java-openjdk11 -y\n\n# install jenkins and docker\n#curl -fsSL https://pkg.jenkins.io/debian-stable/jenkins.io.key | sudo tee \\\n#   /usr/share/keyrings/jenkins-keyring.asc \u003e /dev/null\n#echo deb [signed-by=/usr/share/keyrings/jenkins-keyring.asc] \\\n# https://pkg.jenkins.io/debian-stable binary/ | sudo tee \\\n# /etc/apt/sources.list.d/jenkins.list \u003e /dev/null\nsudo yum install wget -y\nsudo yum update -y\nsudo yum install -y docker\nsudo wget -O /etc/yum.repos.d/jenkins.repo \\\n    https://pkg.jenkins.io/redhat-stable/jenkins.repo\nsudo yum upgrade\nsudo yum install jenkins -y\nsudo systemctl enable jenkins\n\n# enable docker and add perms\nusermod -G docker jenkins\nsystemctl enable docker\nservice docker start\nservice jenkins restart\n\n# install pip\nwget -q https://bootstrap.pypa.io/get-pip.py\npython get-pip.py\npython3 get-pip.py\nrm -f get-pip.py\n# install awscli\npip install awscli\n\n# install terraform\nTERRAFORM_VERSION=\"0.12.18\"\nwget -q https://releases.hashicorp.com/terraform/${TERRAFORM_VERSION}/terraform_${TERRAFORM_VERSION}_linux_amd64.zip \\\n\u0026\u0026 unzip -o terraform_${TERRAFORM_VERSION}_linux_amd64.zip -d /usr/local/bin \\\n\u0026\u0026 rm terraform_${TERRAFORM_VERSION}_linux_amd64.zip\n\n# clean up\nsudo yum clean\nrm terraform_0.12.18_linux_amd64.zip\n",
                "content_type": "text/x-shellscript",
                "filename": "",
                "merge_type": ""
              }
            ],
            "rendered": "Content-Type: multipart/mixed; boundary=\"MIMEBOUNDARY\"\nMIME-Version: 1.0\r\n\r\n--MIMEBOUNDARY\r\nContent-Transfer-Encoding: 7bit\r\nContent-Type: text/x-shellscript\r\nMime-Version: 1.0\r\n\r\n#!/bin/bash\n\n# volume setup\nvgchange -ay\n\nDEVICE_FS=`blkid -o value -s TYPE /dev/xvdh`\nif [ \"`echo -n $DEVICE_FS`\" == \"\" ] ; then \n  # wait for the device to be attached\n  DEVICENAME=`echo \"/dev/xvdh\" | awk -F '/' '{print $3}'`\n  DEVICEEXISTS=''\n  while [[ -z $DEVICEEXISTS ]]; do\n    echo \"checking $DEVICENAME\"\n    DEVICEEXISTS=`lsblk |grep \"$DEVICENAME\" |wc -l`\n    if [[ $DEVICEEXISTS != \"1\" ]]; then\n      sleep 15\n    fi\n  done\n  pvcreate /dev/xvdh\n  vgcreate data /dev/xvdh\n  lvcreate --name volume1 -l 100%FREE data\n  mkfs.ext4 /dev/data/volume1\nfi\nmkdir -p /var/lib/jenkins\necho '/dev/data/volume1 /var/lib/jenkins ext4 defaults 0 0' \u003e\u003e /etc/fstab\nmount /var/lib/jenkins\n\n# install default-jre (needed for ubuntu 18.04)\n#apt-get update\nsudo amazon-linux-extras install java-openjdk11 -y\n\n# install jenkins and docker\n#curl -fsSL https://pkg.jenkins.io/debian-stable/jenkins.io.key | sudo tee \\\n#   /usr/share/keyrings/jenkins-keyring.asc \u003e /dev/null\n#echo deb [signed-by=/usr/share/keyrings/jenkins-keyring.asc] \\\n# https://pkg.jenkins.io/debian-stable binary/ | sudo tee \\\n# /etc/apt/sources.list.d/jenkins.list \u003e /dev/null\nsudo yum install wget -y\nsudo yum update -y\nsudo yum install -y docker\nsudo wget -O /etc/yum.repos.d/jenkins.repo \\\n    https://pkg.jenkins.io/redhat-stable/jenkins.repo\nsudo yum upgrade\nsudo yum install jenkins -y\nsudo systemctl enable jenkins\n\n# enable docker and add perms\nusermod -G docker jenkins\nsystemctl enable docker\nservice docker start\nservice jenkins restart\n\n# install pip\nwget -q https://bootstrap.pypa.io/get-pip.py\npython get-pip.py\npython3 get-pip.py\nrm -f get-pip.py\n# install awscli\npip install awscli\n\n# install terraform\nTERRAFORM_VERSION=\"0.12.18\"\nwget -q https://releases.hashicorp.com/terraform/${TERRAFORM_VERSION}/terraform_${TERRAFORM_VERSION}_linux_amd64.zip \\\n\u0026\u0026 unzip -o terraform_${TERRAFORM_VERSION}_linux_amd64.zip -d /usr/local/bin \\\n\u0026\u0026 rm terraform_${TERRAFORM_VERSION}_linux_amd64.zip\n\n# clean up\nsudo yum clean\nrm terraform_0.12.18_linux_amd64.zip\n\r\n--MIMEBOUNDARY--\r\n"
          },
          "sensitive_attributes": []
        }
      ]
    },
    {
      "mode": "managed",
      "type": "aws_ebs_volume",
      "name": "jenkins-data",
      "provider": "provider[\"registry.terraform.io/hashicorp/aws\"]",
      "instances": [
        {
          "schema_version": 0,
          "attributes": {
            "arn": "arn:aws:ec2:eu-west-2:667912133116:volume/vol-0946b53adc00a85a4",
            "availability_zone": "eu-west-2a",
            "encrypted": false,
            "final_snapshot": false,
            "id": "vol-0946b53adc00a85a4",
            "iops": 100,
            "kms_key_id": "",
            "multi_attach_enabled": false,
            "outpost_arn": "",
            "size": 20,
            "snapshot_id": "",
            "tags": {
              "Name": "jenkins-data"
            },
            "tags_all": {
              "Name": "jenkins-data"
            },
            "throughput": 0,
            "timeouts": null,
            "type": "gp2"
          },
          "sensitive_attributes": [],
          "private": "eyJlMmJmYjczMC1lY2FhLTExZTYtOGY4OC0zNDM2M2JjN2M0YzAiOnsiY3JlYXRlIjozMDAwMDAwMDAwMDAsImRlbGV0ZSI6MzAwMDAwMDAwMDAwLCJ1cGRhdGUiOjMwMDAwMDAwMDAwMH19"
        }
      ]
    },
    {
      "mode": "managed",
      "type": "aws_instance",
      "name": "jenkins-instance",
      "provider": "provider[\"registry.terraform.io/hashicorp/aws\"]",
      "instances": [
        {
          "schema_version": 1,
          "attributes": {
            "ami": "ami-0e34bbddc66def5ac",
            "arn": "arn:aws:ec2:eu-west-2:667912133116:instance/i-02fbf55c098bcfca0",
            "associate_public_ip_address": true,
            "availability_zone": "eu-west-2a",
            "capacity_reservation_specification": [
              {
                "capacity_reservation_preference": "open",
                "capacity_reservation_target": []
              }
            ],
            "cpu_core_count": 1,
            "cpu_threads_per_core": 1,
            "credit_specification": [
              {
                "cpu_credits": "standard"
              }
            ],
            "disable_api_stop": false,
            "disable_api_termination": false,
            "ebs_block_device": [
              {
                "delete_on_termination": false,
                "device_name": "/dev/xvdh",
                "encrypted": false,
                "iops": 100,
                "kms_key_id": "",
                "snapshot_id": "",
                "tags": {
                  "Name": "jenkins-data"
                },
                "throughput": 0,
                "volume_id": "vol-0946b53adc00a85a4",
                "volume_size": 20,
                "volume_type": "gp2"
              }
            ],
            "ebs_optimized": false,
            "enclave_options": [
              {
                "enabled": false
              }
            ],
            "ephemeral_block_device": [],
            "get_password_data": false,
            "hibernation": false,
            "host_id": null,
            "host_resource_group_arn": null,
            "iam_instance_profile": "",
            "id": "i-02fbf55c098bcfca0",
            "instance_initiated_shutdown_behavior": "stop",
            "instance_state": "running",
            "instance_type": "t2.small",
            "ipv6_address_count": 0,
            "ipv6_addresses": [],
            "key_name": "mykey",
            "launch_template": [],
            "maintenance_options": [
              {
                "auto_recovery": "default"
              }
            ],
            "metadata_options": [
              {
                "http_endpoint": "enabled",
                "http_put_response_hop_limit": 1,
                "http_tokens": "optional",
                "instance_metadata_tags": "disabled"
              }
            ],
            "monitoring": false,
            "network_interface": [],
            "outpost_arn": "",
            "password_data": "",
            "placement_group": "",
            "placement_partition_number": null,
            "primary_network_interface_id": "eni-004819b33cf246c58",
            "private_dns": "ip-10-0-1-132.eu-west-2.compute.internal",
            "private_dns_name_options": [
              {
                "enable_resource_name_dns_a_record": false,
                "enable_resource_name_dns_aaaa_record": false,
                "hostname_type": "ip-name"
              }
            ],
            "private_ip": "10.0.1.132",
            "public_dns": "ec2-35-179-93-254.eu-west-2.compute.amazonaws.com",
            "public_ip": "35.179.93.254",
            "root_block_device": [
              {
                "delete_on_termination": true,
                "device_name": "/dev/xvda",
                "encrypted": false,
                "iops": 100,
                "kms_key_id": "",
                "tags": {},
                "throughput": 0,
                "volume_id": "vol-0f53501f6ba53def4",
                "volume_size": 8,
                "volume_type": "gp2"
              }
            ],
            "secondary_private_ips": [],
            "security_groups": [],
            "source_dest_check": true,
            "subnet_id": "subnet-0c468bc7eb5a09096",
            "tags": {},
            "tags_all": {},
            "tenancy": "default",
            "timeouts": null,
            "user_data": "20f1e16def8fd2e6d900a7a53673bbef5cae1b6f",
            "user_data_base64": null,
            "user_data_replace_on_change": false,
            "volume_tags": null,
            "vpc_security_group_ids": [
              "sg-03733515d77d585ad"
            ]
          },
          "sensitive_attributes": [],
          "private": "eyJlMmJmYjczMC1lY2FhLTExZTYtOGY4OC0zNDM2M2JjN2M0YzAiOnsiY3JlYXRlIjo2MDAwMDAwMDAwMDAsImRlbGV0ZSI6MTIwMDAwMDAwMDAwMCwidXBkYXRlIjo2MDAwMDAwMDAwMDB9LCJzY2hlbWFfdmVyc2lvbiI6IjEifQ==",
          "dependencies": [
            "aws_key_pair.mykey",
            "aws_security_group.jenkins-securitygroup",
            "aws_subnet.main-public-1",
            "aws_vpc.main",
            "data.cloudinit_config.cloudinit-jenkins"
          ]
        }
      ]
    },
    {
      "mode": "managed",
      "type": "aws_internet_gateway",
      "name": "main-gw",
      "provider": "provider[\"registry.terraform.io/hashicorp/aws\"]",
      "instances": [
        {
          "schema_version": 0,
          "attributes": {
            "arn": "arn:aws:ec2:eu-west-2:667912133116:internet-gateway/igw-02a3651645eb02a75",
            "id": "igw-02a3651645eb02a75",
            "owner_id": "667912133116",
            "tags": {
              "Name": "main"
            },
            "tags_all": {
              "Name": "main"
            },
            "timeouts": null,
            "vpc_id": "vpc-0cadd36548548b819"
          },
          "sensitive_attributes": [],
          "private": "eyJlMmJmYjczMC1lY2FhLTExZTYtOGY4OC0zNDM2M2JjN2M0YzAiOnsiY3JlYXRlIjoxMjAwMDAwMDAwMDAwLCJkZWxldGUiOjEyMDAwMDAwMDAwMDAsInVwZGF0ZSI6MTIwMDAwMDAwMDAwMH19",
          "dependencies": [
            "aws_vpc.main"
          ]
        }
      ]
    },
    {
      "mode": "managed",
      "type": "aws_key_pair",
      "name": "mykey",
      "provider": "provider[\"registry.terraform.io/hashicorp/aws\"]",
      "instances": [
        {
          "schema_version": 1,
          "attributes": {
            "arn": "arn:aws:ec2:eu-west-2:667912133116:key-pair/mykey",
            "fingerprint": "e7:72:fd:ce:3b:6a:6e:04:e8:cc:77:6e:cf:a4:4a:90",
            "id": "mykey",
            "key_name": "mykey",
            "key_name_prefix": "",
            "key_pair_id": "key-0cbc6c66777568111",
            "key_type": "rsa",
            "public_key": "ssh-rsa AAAAB3NzaC1yc2EAAAADAQABAAABgQChYM6glbUzZSmzbioDdR6FxuTZp6+Zg0q/78D++i2w94uuh4RYc6IaPeJWEHZwHOOu67pVeCKUOOLftJnP2nxCs4RWRfqxxWa2AJzGdFhnNWLgFYtdgQKZQ9kObPJE4nvoE4m8TWz8y7GjlGSPGL/4FjSa3rqk8SpXzsIzKTB9Ea9VsK93VTf0EANitgHAbULlYMTSTjDDTEX1fAruXYQkmftiKhfbZsuqWzJXA56ciu8rX7oVUPaFZWgwlSnqRdrU1kJcIZOSRvpgbzgeLf7xMLGxJh9xhiVd9tw1cpoqZY8ASa+QT1X6oI6JFEYJ0VMVwcSMu4pbU9DlRwJ+3yfPM8ZuMpHc/piLfeVUPm14bdg1HgtY51YWdZOhc5z4OOIfSiXtgCZID5/oK5Kken2ObE0zStWFShn/C0SXhEztWFW5ofmJZvPe6rQ4o3otrBXrZJeDEQXf/iMj3t54Ao4cbhMrDOp5BaQdsYGgA15lUG5t4GPatXdK9TbtBTUHef0= root@esilva.vdi.intra.gammatelecom.com",
            "tags": {},
            "tags_all": {}
          },
          "sensitive_attributes": [],
          "private": "eyJzY2hlbWFfdmVyc2lvbiI6IjEifQ==",
          "create_before_destroy": true
        }
      ]
    },
    {
      "mode": "managed",
      "type": "aws_security_group",
      "name": "jenkins-securitygroup",
      "provider": "provider[\"registry.terraform.io/hashicorp/aws\"]",
      "instances": [
        {
          "schema_version": 1,
          "attributes": {
            "arn": "arn:aws:ec2:eu-west-2:667912133116:security-group/sg-03733515d77d585ad",
            "description": "security group that allows ssh and all egress traffic",
            "egress": [
              {
                "cidr_blocks": [
                  "0.0.0.0/0"
                ],
                "description": "",
                "from_port": 0,
                "ipv6_cidr_blocks": [],
                "prefix_list_ids": [],
                "protocol": "-1",
                "security_groups": [],
                "self": false,
                "to_port": 0
              }
            ],
            "id": "sg-03733515d77d585ad",
            "ingress": [
              {
                "cidr_blocks": [
                  "0.0.0.0/0"
                ],
                "description": "",
                "from_port": 22,
                "ipv6_cidr_blocks": [],
                "prefix_list_ids": [],
                "protocol": "tcp",
                "security_groups": [],
                "self": false,
                "to_port": 22
              },
              {
                "cidr_blocks": [
                  "0.0.0.0/0"
                ],
                "description": "",
                "from_port": 8080,
                "ipv6_cidr_blocks": [],
                "prefix_list_ids": [],
                "protocol": "tcp",
                "security_groups": [],
                "self": false,
                "to_port": 8080
              }
            ],
            "name": "jenkins-securitygroup",
            "name_prefix": "",
            "owner_id": "667912133116",
            "revoke_rules_on_delete": false,
            "tags": {
              "Name": "jenkins-securitygroup"
            },
            "tags_all": {
              "Name": "jenkins-securitygroup"
            },
            "timeouts": null,
            "vpc_id": "vpc-0cadd36548548b819"
          },
          "sensitive_attributes": [],
          "private": "eyJlMmJmYjczMC1lY2FhLTExZTYtOGY4OC0zNDM2M2JjN2M0YzAiOnsiY3JlYXRlIjo2MDAwMDAwMDAwMDAsImRlbGV0ZSI6OTAwMDAwMDAwMDAwfSwic2NoZW1hX3ZlcnNpb24iOiIxIn0=",
          "dependencies": [
            "aws_vpc.main"
          ]
        }
      ]
    },
    {
      "mode": "managed",
      "type": "aws_subnet",
      "name": "main-public-1",
      "provider": "provider[\"registry.terraform.io/hashicorp/aws\"]",
      "instances": [
        {
          "schema_version": 1,
          "attributes": {
            "arn": "arn:aws:ec2:eu-west-2:667912133116:subnet/subnet-0c468bc7eb5a09096",
            "assign_ipv6_address_on_creation": false,
            "availability_zone": "eu-west-2a",
            "availability_zone_id": "euw2-az2",
            "cidr_block": "10.0.1.0/24",
            "customer_owned_ipv4_pool": "",
            "enable_dns64": false,
            "enable_resource_name_dns_a_record_on_launch": false,
            "enable_resource_name_dns_aaaa_record_on_launch": false,
            "id": "subnet-0c468bc7eb5a09096",
            "ipv6_cidr_block": "",
            "ipv6_cidr_block_association_id": "",
            "ipv6_native": false,
            "map_customer_owned_ip_on_launch": false,
            "map_public_ip_on_launch": true,
            "outpost_arn": "",
            "owner_id": "667912133116",
            "private_dns_hostname_type_on_launch": "ip-name",
            "tags": {
              "Name": "main-public-1"
            },
            "tags_all": {
              "Name": "main-public-1"
            },
            "timeouts": null,
            "vpc_id": "vpc-0cadd36548548b819"
          },
          "sensitive_attributes": [],
          "private": "eyJlMmJmYjczMC1lY2FhLTExZTYtOGY4OC0zNDM2M2JjN2M0YzAiOnsiY3JlYXRlIjo2MDAwMDAwMDAwMDAsImRlbGV0ZSI6MTIwMDAwMDAwMDAwMH0sInNjaGVtYV92ZXJzaW9uIjoiMSJ9",
          "dependencies": [
            "aws_vpc.main"
          ]
        }
      ]
    },
    {
      "mode": "managed",
      "type": "aws_volume_attachment",
      "name": "jenkins-data-attachment",
      "provider": "provider[\"registry.terraform.io/hashicorp/aws\"]",
      "instances": [
        {
          "schema_version": 0,
          "attributes": {
            "device_name": "/dev/xvdh",
            "force_detach": null,
            "id": "vai-1032701207",
            "instance_id": "i-02fbf55c098bcfca0",
            "skip_destroy": null,
            "stop_instance_before_detaching": null,
            "timeouts": null,
            "volume_id": "vol-0946b53adc00a85a4"
          },
          "sensitive_attributes": [],
          "private": "eyJlMmJmYjczMC1lY2FhLTExZTYtOGY4OC0zNDM2M2JjN2M0YzAiOnsiY3JlYXRlIjozMDAwMDAwMDAwMDAsImRlbGV0ZSI6MzAwMDAwMDAwMDAwfX0=",
          "dependencies": [
            "aws_ebs_volume.jenkins-data",
            "aws_instance.jenkins-instance",
            "aws_key_pair.mykey",
            "aws_security_group.jenkins-securitygroup",
            "aws_subnet.main-public-1",
            "aws_vpc.main",
            "data.cloudinit_config.cloudinit-jenkins"
          ]
        }
      ]
    },
    {
      "mode": "managed",
      "type": "aws_vpc",
      "name": "main",
      "provider": "provider[\"registry.terraform.io/hashicorp/aws\"]",
      "instances": [
        {
          "schema_version": 1,
          "attributes": {
            "arn": "arn:aws:ec2:eu-west-2:667912133116:vpc/vpc-0cadd36548548b819",
            "assign_generated_ipv6_cidr_block": false,
            "cidr_block": "10.0.0.0/16",
            "default_network_acl_id": "acl-0cf673bda33e15ab5",
            "default_route_table_id": "rtb-0ad621764b7674573",
            "default_security_group_id": "sg-04b2f6f77f21602cc",
            "dhcp_options_id": "dopt-60848f08",
            "enable_classiclink": false,
            "enable_classiclink_dns_support": false,
            "enable_dns_hostnames": true,
            "enable_dns_support": true,
            "id": "vpc-0cadd36548548b819",
            "instance_tenancy": "default",
            "ipv4_ipam_pool_id": null,
            "ipv4_netmask_length": null,
            "ipv6_association_id": "",
            "ipv6_cidr_block": "",
            "ipv6_cidr_block_network_border_group": "",
            "ipv6_ipam_pool_id": "",
            "ipv6_netmask_length": 0,
            "main_route_table_id": "rtb-0ad621764b7674573",
            "owner_id": "667912133116",
            "tags": {
              "Name": "main"
            },
            "tags_all": {
              "Name": "main"
            }
          },
          "sensitive_attributes": [],
          "private": "eyJzY2hlbWFfdmVyc2lvbiI6IjEifQ==",
          "create_before_destroy": true
        }
      ]
    }
  ]
}
